
Microsoft Visual Studio Solution File, Format Version 12.00
# Visual Studio Version 17
VisualStudioVersion = 17.9.34616.47
MinimumVisualStudioVersion = 10.0.40219.1
Project("{FAE04EC0-301F-11D3-BF4B-00C04F79EFBC}") = "CoreAPISeedData_1Tekrar", "CoreAPISeedData_1Tekrar\CoreAPISeedData_1Tekrar.csproj", "{8B03B7FF-B073-4F83-BA31-28BD49727781}"
EndProject
Global
	GlobalSection(SolutionConfigurationPlatforms) = preSolution
		Debug|Any CPU = Debug|Any CPU
		Release|Any CPU = Release|Any CPU
	EndGlobalSection
	GlobalSection(ProjectConfigurationPlatforms) = postSolution
		{8B03B7FF-B073-4F83-BA31-28BD49727781}.Debug|Any CPU.ActiveCfg = Debug|Any CPU
		{8B03B7FF-B073-4F83-BA31-28BD49727781}.Debug|Any CPU.Build.0 = Debug|Any CPU
		{8B03B7FF-B073-4F83-BA31-28BD49727781}.Release|Any CPU.ActiveCfg = Release|Any CPU
		{8B03B7FF-B073-4F83-BA31-28BD49727781}.Release|Any CPU.Build.0 = Release|Any CPU
	EndGlobalSection
	GlobalSection(SolutionProperties) = preSolution
		HideSolutionNode = FALSE
	EndGlobalSection
	GlobalSection(ExtensibilityGlobals) = postSolution
		SolutionGuid = {274DFEF1-9314-4EF9-B8A8-344861BA4B2A}
	EndGlobalSection
EndGlobal
